Microsoft Visual Studio Solution File, Format Version 12.00
# Visual Studio Version 17
VisualStudioVersion = 17.5.2.0
MinimumVisualStudioVersion = 10.0.40219.1
Project("{FAE04EC0-301F-11D3-BF4B-00C04F79EFBC}") = "cod", "cod.csproj", "{873CFD1D-8822-7AE2-5D4C-EB5BD6304D5D}"
EndProject
Global
	GlobalSection(SolutionConfigurationPlatforms) = preSolution
		Debug|Any CPU = Debug|Any CPU
		Release|Any CPU = Release|Any CPU
	EndGlobalSection
	GlobalSection(ProjectConfigurationPlatforms) = postSolution
		{873CFD1D-8822-7AE2-5D4C-EB5BD6304D5D}.Debug|Any CPU.ActiveCfg = Debug|Any CPU
		{873CFD1D-8822-7AE2-5D4C-EB5BD6304D5D}.Debug|Any CPU.Build.0 = Debug|Any CPU
		{873CFD1D-8822-7AE2-5D4C-EB5BD6304D5D}.Release|Any CPU.ActiveCfg = Release|Any CPU
		{873CFD1D-8822-7AE2-5D4C-EB5BD6304D5D}.Release|Any CPU.Build.0 = Release|Any CPU
	EndGlobalSection
	GlobalSection(SolutionProperties) = preSolution
		HideSolutionNode = FALSE
	EndGlobalSection
	GlobalSection(ExtensibilityGlobals) = postSolution
		SolutionGuid = {33AD4FBF-C226-4A6D-BA58-5B0B84335B41}
	EndGlobalSection
EndGlobal
